
Microsoft Visual Studio Solution File, Format Version 12.00
# Visual Studio Version 17
VisualStudioVersion = 17.2.32630.192
MinimumVisualStudioVersion = 10.0.40219.1
Project("{9A19103F-16F7-4668-BE54-9A1E7A4F7556}") = "KYS.Library", "src\KYS.Library\KYS.Library.csproj", "{0FC2F35B-8216-42F4-8856-64081C38332A}"
EndProject
Project("{FAE04EC0-301F-11D3-BF4B-00C04F79EFBC}") = "KYS.EFCore.Library", "src\KYS.EFCore.Library\KYS.EFCore.Library.csproj", "{4B70526D-E624-42DC-929B-8E19E22F50D4}"
EndProject
Project("{FAE04EC0-301F-11D3-BF4B-00C04F79EFBC}") = "KYS.AspNetCore.Library", "src\KYS.AspNetCore.Library\KYS.AspNetCore.Library.csproj", "{EA3A523B-49D7-4D1D-934C-CD8FBA4843EA}"
EndProject
Project("{2150E333-8FDC-42A3-9474-1A3956D46DE8}") = "tests", "tests", "{1137E349-913E-4AAB-BE2D-C49BB62781F5}"
EndProject
Project("{FAE04EC0-301F-11D3-BF4B-00C04F79EFBC}") = "KYS.AspNetCore.Library.Tests", "tests\KYS.AspNetCore.Library.Tests\KYS.AspNetCore.Library.Tests.csproj", "{8F4D2DB9-E342-41BB-A42B-9504BBCEAD9F}"
EndProject
Project("{FAE04EC0-301F-11D3-BF4B-00C04F79EFBC}") = "KYS.Library.Tests", "tests\KYS.Library.Tests\KYS.Library.Tests.csproj", "{D8394882-FAF3-45A1-A27A-28F06687A8C9}"
EndProject
Global
	GlobalSection(SolutionConfigurationPlatforms) = preSolution
		Debug|Any CPU = Debug|Any CPU
		Release|Any CPU = Release|Any CPU
	EndGlobalSection
	GlobalSection(ProjectConfigurationPlatforms) = postSolution
		{0FC2F35B-8216-42F4-8856-64081C38332A}.Debug|Any CPU.ActiveCfg = Debug|Any CPU
		{0FC2F35B-8216-42F4-8856-64081C38332A}.Debug|Any CPU.Build.0 = Debug|Any CPU
		{0FC2F35B-8216-42F4-8856-64081C38332A}.Release|Any CPU.ActiveCfg = Release|Any CPU
		{0FC2F35B-8216-42F4-8856-64081C38332A}.Release|Any CPU.Build.0 = Release|Any CPU
		{4B70526D-E624-42DC-929B-8E19E22F50D4}.Debug|Any CPU.ActiveCfg = Debug|Any CPU
		{4B70526D-E624-42DC-929B-8E19E22F50D4}.Debug|Any CPU.Build.0 = Debug|Any CPU
		{4B70526D-E624-42DC-929B-8E19E22F50D4}.Release|Any CPU.ActiveCfg = Release|Any CPU
		{4B70526D-E624-42DC-929B-8E19E22F50D4}.Release|Any CPU.Build.0 = Release|Any CPU
		{EA3A523B-49D7-4D1D-934C-CD8FBA4843EA}.Debug|Any CPU.ActiveCfg = Debug|Any CPU
		{EA3A523B-49D7-4D1D-934C-CD8FBA4843EA}.Debug|Any CPU.Build.0 = Debug|Any CPU
		{EA3A523B-49D7-4D1D-934C-CD8FBA4843EA}.Release|Any CPU.ActiveCfg = Release|Any CPU
		{EA3A523B-49D7-4D1D-934C-CD8FBA4843EA}.Release|Any CPU.Build.0 = Release|Any CPU
		{8F4D2DB9-E342-41BB-A42B-9504BBCEAD9F}.Debug|Any CPU.ActiveCfg = Debug|Any CPU
		{8F4D2DB9-E342-41BB-A42B-9504BBCEAD9F}.Debug|Any CPU.Build.0 = Debug|Any CPU
		{8F4D2DB9-E342-41BB-A42B-9504BBCEAD9F}.Release|Any CPU.ActiveCfg = Release|Any CPU
		{8F4D2DB9-E342-41BB-A42B-9504BBCEAD9F}.Release|Any CPU.Build.0 = Release|Any CPU
		{D8394882-FAF3-45A1-A27A-28F06687A8C9}.Debug|Any CPU.ActiveCfg = Debug|Any CPU
		{D8394882-FAF3-45A1-A27A-28F06687A8C9}.Debug|Any CPU.Build.0 = Debug|Any CPU
		{D8394882-FAF3-45A1-A27A-28F06687A8C9}.Release|Any CPU.ActiveCfg = Release|Any CPU
		{D8394882-FAF3-45A1-A27A-28F06687A8C9}.Release|Any CPU.Build.0 = Release|Any CPU
	EndGlobalSection
	GlobalSection(SolutionProperties) = preSolution
		HideSolutionNode = FALSE
	EndGlobalSection
	GlobalSection(ExtensibilityGlobals) = postSolution
		SolutionGuid = {E45BFC07-9B7F-40B9-8B86-1E833F883C14}
	EndGlobalSection
	GlobalSection(NestedProjects) = preSolution
		{8F4D2DB9-E342-41BB-A42B-9504BBCEAD9F} = {1137E349-913E-4AAB-BE2D-C49BB62781F5}
		{D8394882-FAF3-45A1-A27A-28F06687A8C9} = {1137E349-913E-4AAB-BE2D-C49BB62781F5}
	EndGlobalSection
EndGlobal
